
Microsoft Visual Studio Solution File, Format Version 12.00
# Visual Studio 15
VisualStudioVersion = 15.0.26430.13
MinimumVisualStudioVersion = 10.0.40219.1
Project("{FAE04EC0-301F-11D3-BF4B-00C04F79EFBC}") = "MagicHomeLEDControl", "MagicHomeLEDControl\MagicHomeLEDControl.csproj", "{30EB67E9-B4B3-4D0A-9844-3FC96C9AD807}"
EndProject
Project("{FAE04EC0-301F-11D3-BF4B-00C04F79EFBC}") = "MagicHomeLEDControlTest", "MagicHomeLEDControlTest\MagicHomeLEDControlTest.csproj", "{70B99680-7482-4A57-A5B8-F9BCB40D1B8E}"
EndProject
Global
	GlobalSection(SolutionConfigurationPlatforms) = preSolution
		Debug|Any CPU = Debug|Any CPU
		Release|Any CPU = Release|Any CPU
	EndGlobalSection
	GlobalSection(ProjectConfigurationPlatforms) = postSolution
		{30EB67E9-B4B3-4D0A-9844-3FC96C9AD807}.Debug|Any CPU.ActiveCfg = Debug|Any CPU
		{30EB67E9-B4B3-4D0A-9844-3FC96C9AD807}.Debug|Any CPU.Build.0 = Debug|Any CPU
		{30EB67E9-B4B3-4D0A-9844-3FC96C9AD807}.Release|Any CPU.ActiveCfg = Release|Any CPU
		{30EB67E9-B4B3-4D0A-9844-3FC96C9AD807}.Release|Any CPU.Build.0 = Release|Any CPU
		{70B99680-7482-4A57-A5B8-F9BCB40D1B8E}.Debug|Any CPU.ActiveCfg = Debug|Any CPU
		{70B99680-7482-4A57-A5B8-F9BCB40D1B8E}.Debug|Any CPU.Build.0 = Debug|Any CPU
		{70B99680-7482-4A57-A5B8-F9BCB40D1B8E}.Release|Any CPU.ActiveCfg = Release|Any CPU
		{70B99680-7482-4A57-A5B8-F9BCB40D1B8E}.Release|Any CPU.Build.0 = Release|Any CPU
	EndGlobalSection
	GlobalSection(SolutionProperties) = preSolution
		HideSolutionNode = FALSE
	EndGlobalSection
EndGlobal
